
Microsoft Visual Studio Solution File, Format Version 12.00
# Visual Studio Version 16
VisualStudioVersion = 16.0.29926.136
MinimumVisualStudioVersion = 10.0.40219.1
Project("{FAE04EC0-301F-11D3-BF4B-00C04F79EFBC}") = "FindoApp.Android", "FindoApp\FindoApp.Android\FindoApp.Android.csproj", "{97AECCDD-A461-44DC-AC94-CC8BE3536FD0}"
EndProject
Project("{FAE04EC0-301F-11D3-BF4B-00C04F79EFBC}") = "FindoApp.iOS", "FindoApp\FindoApp.iOS\FindoApp.iOS.csproj", "{82C53DA0-4D0D-45B5-B3DF-DBB1BC295AD1}"
EndProject
Project("{9A19103F-16F7-4668-BE54-9A1E7A4F7556}") = "FindoApp", "FindoApp\FindoApp\FindoApp.csproj", "{7C45C117-F5CE-425F-8CC1-A8E766B0CA57}"
EndProject
Project("{2150E333-8FDC-42A3-9474-1A3956D46DE8}") = "0 - Interface", "0 - Interface", "{A39E54E1-B50B-4F4C-A784-D68764C4B5D0}"
EndProject
Project("{2150E333-8FDC-42A3-9474-1A3956D46DE8}") = "1 - Service", "1 - Service", "{0D43DAB4-2B79-4C00-A139-D323368121D1}"
EndProject
Project("{2150E333-8FDC-42A3-9474-1A3956D46DE8}") = "2 - Domain", "2 - Domain", "{E6CE6FB1-432A-4625-A709-ED6FD20D9CE5}"
EndProject
Project("{2150E333-8FDC-42A3-9474-1A3956D46DE8}") = "3 - Infra", "3 - Infra", "{C683F4E3-77DF-48B9-8960-7473B60FB0D9}"
EndProject
Project("{9A19103F-16F7-4668-BE54-9A1E7A4F7556}") = "FindoApp.Domain", "FindoApp.Domain\FindoApp.Domain.csproj", "{6B404CC7-8991-4AB9-A536-D752FD18E698}"
EndProject
Project("{9A19103F-16F7-4668-BE54-9A1E7A4F7556}") = "FindoApp.Service", "FindoApp.Service\FindoApp.Service.csproj", "{5DDB3514-FAED-44E2-9485-3B5374E0DF11}"
EndProject
Project("{9A19103F-16F7-4668-BE54-9A1E7A4F7556}") = "FindoApp.Infra.SQLite", "FindoApp.Infra.SQLite\FindoApp.Infra.SQLite.csproj", "{9A855EAB-FBB7-46D6-9597-0F6985FC93AF}"
EndProject
Global
	GlobalSection(SolutionConfigurationPlatforms) = preSolution
		Ad-Hoc|Any CPU = Ad-Hoc|Any CPU
		Ad-Hoc|iPhone = Ad-Hoc|iPhone
		Ad-Hoc|iPhoneSimulator = Ad-Hoc|iPhoneSimulator
		AppStore|Any CPU = AppStore|Any CPU
		AppStore|iPhone = AppStore|iPhone
		AppStore|iPhoneSimulator = AppStore|iPhoneSimulator
		Debug|Any CPU = Debug|Any CPU
		Debug|iPhone = Debug|iPhone
		Debug|iPhoneSimulator = Debug|iPhoneSimulator
		Release|Any CPU = Release|Any CPU
		Release|iPhone = Release|iPhone
		Release|iPhoneSimulator = Release|iPhoneSimulator
	EndGlobalSection
	GlobalSection(ProjectConfigurationPlatforms) = postSolution
		{97AECCDD-A461-44DC-AC94-CC8BE3536FD0}.Ad-Hoc|Any CPU.ActiveCfg = Release|Any CPU
		{97AECCDD-A461-44DC-AC94-CC8BE3536FD0}.Ad-Hoc|Any CPU.Build.0 = Release|Any CPU
		{97AECCDD-A461-44DC-AC94-CC8BE3536FD0}.Ad-Hoc|Any CPU.Deploy.0 = Release|Any CPU
		{97AECCDD-A461-44DC-AC94-CC8BE3536FD0}.Ad-Hoc|iPhone.ActiveCfg = Release|Any CPU
		{97AECCDD-A461-44DC-AC94-CC8BE3536FD0}.Ad-Hoc|iPhone.Build.0 = Release|Any CPU
		{97AECCDD-A461-44DC-AC94-CC8BE3536FD0}.Ad-Hoc|iPhone.Deploy.0 = Release|Any CPU
		{97AECCDD-A461-44DC-AC94-CC8BE3536FD0}.Ad-Hoc|iPhoneSimulator.ActiveCfg = Release|Any CPU
		{97AECCDD-A461-44DC-AC94-CC8BE3536FD0}.Ad-Hoc|iPhoneSimulator.Build.0 = Release|Any CPU
		{97AECCDD-A461-44DC-AC94-CC8BE3536FD0}.Ad-Hoc|iPhoneSimulator.Deploy.0 = Release|Any CPU
		{97AECCDD-A461-44DC-AC94-CC8BE3536FD0}.AppStore|Any CPU.ActiveCfg = Release|Any CPU
		{97AECCDD-A461-44DC-AC94-CC8BE3536FD0}.AppStore|Any CPU.Build.0 = Release|Any CPU
		{97AECCDD-A461-44DC-AC94-CC8BE3536FD0}.AppStore|Any CPU.Deploy.0 = Release|Any CPU
		{97AECCDD-A461-44DC-AC94-CC8BE3536FD0}.AppStore|iPhone.ActiveCfg = Release|Any CPU
		{97AECCDD-A461-44DC-AC94-CC8BE3536FD0}.AppStore|iPhone.Build.0 = Release|Any CPU
		{97AECCDD-A461-44DC-AC94-CC8BE3536FD0}.AppStore|iPhone.Deploy.0 = Release|Any CPU
		{97AECCDD-A461-44DC-AC94-CC8BE3536FD0}.AppStore|iPhoneSimulator.ActiveCfg = Release|Any CPU
		{97AECCDD-A461-44DC-AC94-CC8BE3536FD0}.AppStore|iPhoneSimulator.Build.0 = Release|Any CPU
		{97AECCDD-A461-44DC-AC94-CC8BE3536FD0}.AppStore|iPhoneSimulator.Deploy.0 = Release|Any CPU
		{97AECCDD-A461-44DC-AC94-CC8BE3536FD0}.Debug|Any CPU.ActiveCfg = Debug|Any CPU
		{97AECCDD-A461-44DC-AC94-CC8BE3536FD0}.Debug|Any CPU.Build.0 = Debug|Any CPU
		{97AECCDD-A461-44DC-AC94-CC8BE3536FD0}.Debug|Any CPU.Deploy.0 = Debug|Any CPU
		{97AECCDD-A461-44DC-AC94-CC8BE3536FD0}.Debug|iPhone.ActiveCfg = Debug|Any CPU
		{97AECCDD-A461-44DC-AC94-CC8BE3536FD0}.Debug|iPhone.Build.0 = Debug|Any CPU
		{97AECCDD-A461-44DC-AC94-CC8BE3536FD0}.Debug|iPhone.Deploy.0 = Debug|Any CPU
		{97AECCDD-A461-44DC-AC94-CC8BE3536FD0}.Debug|iPhoneSimulator.ActiveCfg = Debug|Any CPU
		{97AECCDD-A461-44DC-AC94-CC8BE3536FD0}.Debug|iPhoneSimulator.Build.0 = Debug|Any CPU
		{97AECCDD-A461-44DC-AC94-CC8BE3536FD0}.Debug|iPhoneSimulator.Deploy.0 = Debug|Any CPU
		{97AECCDD-A461-44DC-AC94-CC8BE3536FD0}.Release|Any CPU.ActiveCfg = Release|Any CPU
		{97AECCDD-A461-44DC-AC94-CC8BE3536FD0}.Release|Any CPU.Build.0 = Release|Any CPU
		{97AECCDD-A461-44DC-AC94-CC8BE3536FD0}.Release|Any CPU.Deploy.0 = Release|Any CPU
		{97AECCDD-A461-44DC-AC94-CC8BE3536FD0}.Release|iPhone.ActiveCfg = Release|Any CPU
		{97AECCDD-A461-44DC-AC94-CC8BE3536FD0}.Release|iPhone.Build.0 = Release|Any CPU
		{97AECCDD-A461-44DC-AC94-CC8BE3536FD0}.Release|iPhone.Deploy.0 = Release|Any CPU
		{97AECCDD-A461-44DC-AC94-CC8BE3536FD0}.Release|iPhoneSimulator.ActiveCfg = Release|Any CPU
		{97AECCDD-A461-44DC-AC94-CC8BE3536FD0}.Release|iPhoneSimulator.Build.0 = Release|Any CPU
		{97AECCDD-A461-44DC-AC94-CC8BE3536FD0}.Release|iPhoneSimulator.Deploy.0 = Release|Any CPU
		{82C53DA0-4D0D-45B5-B3DF-DBB1BC295AD1}.Ad-Hoc|Any CPU.ActiveCfg = Ad-Hoc|iPhone
		{82C53DA0-4D0D-45B5-B3DF-DBB1BC295AD1}.Ad-Hoc|Any CPU.Build.0 = Ad-Hoc|iPhone
		{82C53DA0-4D0D-45B5-B3DF-DBB1BC295AD1}.Ad-Hoc|Any CPU.Deploy.0 = Ad-Hoc|iPhone
		{82C53DA0-4D0D-45B5-B3DF-DBB1BC295AD1}.Ad-Hoc|iPhone.ActiveCfg = Ad-Hoc|iPhone
		{82C53DA0-4D0D-45B5-B3DF-DBB1BC295AD1}.Ad-Hoc|iPhone.Build.0 = Ad-Hoc|iPhone
		{82C53DA0-4D0D-45B5-B3DF-DBB1BC295AD1}.Ad-Hoc|iPhone.Deploy.0 = Ad-Hoc|iPhone
		{82C53DA0-4D0D-45B5-B3DF-DBB1BC295AD1}.Ad-Hoc|iPhoneSimulator.ActiveCfg = Ad-Hoc|iPhoneSimulator
		{82C53DA0-4D0D-45B5-B3DF-DBB1BC295AD1}.Ad-Hoc|iPhoneSimulator.Build.0 = Ad-Hoc|iPhoneSimulator
		{82C53DA0-4D0D-45B5-B3DF-DBB1BC295AD1}.Ad-Hoc|iPhoneSimulator.Deploy.0 = Ad-Hoc|iPhoneSimulator
		{82C53DA0-4D0D-45B5-B3DF-DBB1BC295AD1}.AppStore|Any CPU.ActiveCfg = AppStore|iPhone
		{82C53DA0-4D0D-45B5-B3DF-DBB1BC295AD1}.AppStore|Any CPU.Build.0 = AppStore|iPhone
		{82C53DA0-4D0D-45B5-B3DF-DBB1BC295AD1}.AppStore|Any CPU.Deploy.0 = AppStore|iPhone
		{82C53DA0-4D0D-45B5-B3DF-DBB1BC295AD1}.AppStore|iPhone.ActiveCfg = AppStore|iPhone
		{82C53DA0-4D0D-45B5-B3DF-DBB1BC295AD1}.AppStore|iPhone.Build.0 = AppStore|iPhone
		{82C53DA0-4D0D-45B5-B3DF-DBB1BC295AD1}.AppStore|iPhone.Deploy.0 = AppStore|iPhone
		{82C53DA0-4D0D-45B5-B3DF-DBB1BC295AD1}.AppStore|iPhoneSimulator.ActiveCfg = AppStore|iPhoneSimulator
		{82C53DA0-4D0D-45B5-B3DF-DBB1BC295AD1}.AppStore|iPhoneSimulator.Build.0 = AppStore|iPhoneSimulator
		{82C53DA0-4D0D-45B5-B3DF-DBB1BC295AD1}.AppStore|iPhoneSimulator.Deploy.0 = AppStore|iPhoneSimulator
		{82C53DA0-4D0D-45B5-B3DF-DBB1BC295AD1}.Debug|Any CPU.ActiveCfg = Debug|iPhoneSimulator
		{82C53DA0-4D0D-45B5-B3DF-DBB1BC295AD1}.Debug|Any CPU.Build.0 = Debug|iPhoneSimulator
		{82C53DA0-4D0D-45B5-B3DF-DBB1BC295AD1}.Debug|Any CPU.Deploy.0 = Debug|iPhoneSimulator
		{82C53DA0-4D0D-45B5-B3DF-DBB1BC295AD1}.Debug|iPhone.ActiveCfg = Debug|iPhone
		{82C53DA0-4D0D-45B5-B3DF-DBB1BC295AD1}.Debug|iPhone.Build.0 = Debug|iPhone
		{82C53DA0-4D0D-45B5-B3DF-DBB1BC295AD1}.Debug|iPhone.Deploy.0 = Debug|iPhone
		{82C53DA0-4D0D-45B5-B3DF-DBB1BC295AD1}.Debug|iPhoneSimulator.ActiveCfg = Debug|iPhoneSimulator
		{82C53DA0-4D0D-45B5-B3DF-DBB1BC295AD1}.Debug|iPhoneSimulator.Build.0 = Debug|iPhoneSimulator
		{82C53DA0-4D0D-45B5-B3DF-DBB1BC295AD1}.Debug|iPhoneSimulator.Deploy.0 = Debug|iPhoneSimulator
		{82C53DA0-4D0D-45B5-B3DF-DBB1BC295AD1}.Release|Any CPU.ActiveCfg = Release|iPhone
		{82C53DA0-4D0D-45B5-B3DF-DBB1BC295AD1}.Release|Any CPU.Build.0 = Release|iPhone
		{82C53DA0-4D0D-45B5-B3DF-DBB1BC295AD1}.Release|Any CPU.Deploy.0 = Release|iPhone
		{82C53DA0-4D0D-45B5-B3DF-DBB1BC295AD1}.Release|iPhone.ActiveCfg = Release|iPhone
		{82C53DA0-4D0D-45B5-B3DF-DBB1BC295AD1}.Release|iPhone.Build.0 = Release|iPhone
		{82C53DA0-4D0D-45B5-B3DF-DBB1BC295AD1}.Release|iPhone.Deploy.0 = Release|iPhone
		{82C53DA0-4D0D-45B5-B3DF-DBB1BC295AD1}.Release|iPhoneSimulator.ActiveCfg = Release|iPhoneSimulator
		{82C53DA0-4D0D-45B5-B3DF-DBB1BC295AD1}.Release|iPhoneSimulator.Build.0 = Release|iPhoneSimulator
		{82C53DA0-4D0D-45B5-B3DF-DBB1BC295AD1}.Release|iPhoneSimulator.Deploy.0 = Release|iPhoneSimulator
		{7C45C117-F5CE-425F-8CC1-A8E766B0CA57}.Ad-Hoc|Any CPU.ActiveCfg = Debug|Any CPU
		{7C45C117-F5CE-425F-8CC1-A8E766B0CA57}.Ad-Hoc|Any CPU.Build.0 = Debug|Any CPU
		{7C45C117-F5CE-425F-8CC1-A8E766B0CA57}.Ad-Hoc|Any CPU.Deploy.0 = Debug|Any CPU
		{7C45C117-F5CE-425F-8CC1-A8E766B0CA57}.Ad-Hoc|iPhone.ActiveCfg = Debug|Any CPU
		{7C45C117-F5CE-425F-8CC1-A8E766B0CA57}.Ad-Hoc|iPhone.Build.0 = Debug|Any CPU
		{7C45C117-F5CE-425F-8CC1-A8E766B0CA57}.Ad-Hoc|iPhone.Deploy.0 = Debug|Any CPU
		{7C45C117-F5CE-425F-8CC1-A8E766B0CA57}.Ad-Hoc|iPhoneSimulator.ActiveCfg = Debug|Any CPU
		{7C45C117-F5CE-425F-8CC1-A8E766B0CA57}.Ad-Hoc|iPhoneSimulator.Build.0 = Debug|Any CPU
		{7C45C117-F5CE-425F-8CC1-A8E766B0CA57}.Ad-Hoc|iPhoneSimulator.Deploy.0 = Debug|Any CPU
		{7C45C117-F5CE-425F-8CC1-A8E766B0CA57}.AppStore|Any CPU.ActiveCfg = Debug|Any CPU
		{7C45C117-F5CE-425F-8CC1-A8E766B0CA57}.AppStore|Any CPU.Build.0 = Debug|Any CPU
		{7C45C117-F5CE-425F-8CC1-A8E766B0CA57}.AppStore|Any CPU.Deploy.0 = Debug|Any CPU
		{7C45C117-F5CE-425F-8CC1-A8E766B0CA57}.AppStore|iPhone.ActiveCfg = Debug|Any CPU
		{7C45C117-F5CE-425F-8CC1-A8E766B0CA57}.AppStore|iPhone.Build.0 = Debug|Any CPU
		{7C45C117-F5CE-425F-8CC1-A8E766B0CA57}.AppStore|iPhone.Deploy.0 = Debug|Any CPU
		{7C45C117-F5CE-425F-8CC1-A8E766B0CA57}.AppStore|iPhoneSimulator.ActiveCfg = Debug|Any CPU
		{7C45C117-F5CE-425F-8CC1-A8E766B0CA57}.AppStore|iPhoneSimulator.Build.0 = Debug|Any CPU
		{7C45C117-F5CE-425F-8CC1-A8E766B0CA57}.AppStore|iPhoneSimulator.Deploy.0 = Debug|Any CPU
		{7C45C117-F5CE-425F-8CC1-A8E766B0CA57}.Debug|Any CPU.ActiveCfg = Debug|Any CPU
		{7C45C117-F5CE-425F-8CC1-A8E766B0CA57}.Debug|Any CPU.Build.0 = Debug|Any CPU
		{7C45C117-F5CE-425F-8CC1-A8E766B0CA57}.Debug|Any CPU.Deploy.0 = Debug|Any CPU
		{7C45C117-F5CE-425F-8CC1-A8E766B0CA57}.Debug|iPhone.ActiveCfg = Debug|Any CPU
		{7C45C117-F5CE-425F-8CC1-A8E766B0CA57}.Debug|iPhone.Build.0 = Debug|Any CPU
		{7C45C117-F5CE-425F-8CC1-A8E766B0CA57}.Debug|iPhone.Deploy.0 = Debug|Any CPU
		{7C45C117-F5CE-425F-8CC1-A8E766B0CA57}.Debug|iPhoneSimulator.ActiveCfg = Debug|Any CPU
		{7C45C117-F5CE-425F-8CC1-A8E766B0CA57}.Debug|iPhoneSimulator.Build.0 = Debug|Any CPU
		{7C45C117-F5CE-425F-8CC1-A8E766B0CA57}.Debug|iPhoneSimulator.Deploy.0 = Debug|Any CPU
		{7C45C117-F5CE-425F-8CC1-A8E766B0CA57}.Release|Any CPU.ActiveCfg = Release|Any CPU
		{7C45C117-F5CE-425F-8CC1-A8E766B0CA57}.Release|Any CPU.Build.0 = Release|Any CPU
		{7C45C117-F5CE-425F-8CC1-A8E766B0CA57}.Release|Any CPU.Deploy.0 = Release|Any CPU
		{7C45C117-F5CE-425F-8CC1-A8E766B0CA57}.Release|iPhone.ActiveCfg = Release|Any CPU
		{7C45C117-F5CE-425F-8CC1-A8E766B0CA57}.Release|iPhone.Build.0 = Release|Any CPU
		{7C45C117-F5CE-425F-8CC1-A8E766B0CA57}.Release|iPhone.Deploy.0 = Release|Any CPU
		{7C45C117-F5CE-425F-8CC1-A8E766B0CA57}.Release|iPhoneSimulator.ActiveCfg = Release|Any CPU
		{7C45C117-F5CE-425F-8CC1-A8E766B0CA57}.Release|iPhoneSimulator.Build.0 = Release|Any CPU
		{7C45C117-F5CE-425F-8CC1-A8E766B0CA57}.Release|iPhoneSimulator.Deploy.0 = Release|Any CPU
		{6B404CC7-8991-4AB9-A536-D752FD18E698}.Ad-Hoc|Any CPU.ActiveCfg = Debug|Any CPU
		{6B404CC7-8991-4AB9-A536-D752FD18E698}.Ad-Hoc|Any CPU.Build.0 = Debug|Any CPU
		{6B404CC7-8991-4AB9-A536-D752FD18E698}.Ad-Hoc|iPhone.ActiveCfg = Debug|Any CPU
		{6B404CC7-8991-4AB9-A536-D752FD18E698}.Ad-Hoc|iPhone.Build.0 = Debug|Any CPU
		{6B404CC7-8991-4AB9-A536-D752FD18E698}.Ad-Hoc|iPhoneSimulator.ActiveCfg = Debug|Any CPU
		{6B404CC7-8991-4AB9-A536-D752FD18E698}.Ad-Hoc|iPhoneSimulator.Build.0 = Debug|Any CPU
		{6B404CC7-8991-4AB9-A536-D752FD18E698}.AppStore|Any CPU.ActiveCfg = Debug|Any CPU
		{6B404CC7-8991-4AB9-A536-D752FD18E698}.AppStore|Any CPU.Build.0 = Debug|Any CPU
		{6B404CC7-8991-4AB9-A536-D752FD18E698}.AppStore|iPhone.ActiveCfg = Debug|Any CPU
		{6B404CC7-8991-4AB9-A536-D752FD18E698}.AppStore|iPhone.Build.0 = Debug|Any CPU
		{6B404CC7-8991-4AB9-A536-D752FD18E698}.AppStore|iPhoneSimulator.ActiveCfg = Debug|Any CPU
		{6B404CC7-8991-4AB9-A536-D752FD18E698}.AppStore|iPhoneSimulator.Build.0 = Debug|Any CPU
		{6B404CC7-8991-4AB9-A536-D752FD18E698}.Debug|Any CPU.ActiveCfg = Debug|Any CPU
		{6B404CC7-8991-4AB9-A536-D752FD18E698}.Debug|Any CPU.Build.0 = Debug|Any CPU
		{6B404CC7-8991-4AB9-A536-D752FD18E698}.Debug|iPhone.ActiveCfg = Debug|Any CPU
		{6B404CC7-8991-4AB9-A536-D752FD18E698}.Debug|iPhone.Build.0 = Debug|Any CPU
		{6B404CC7-8991-4AB9-A536-D752FD18E698}.Debug|iPhoneSimulator.ActiveCfg = Debug|Any CPU
		{6B404CC7-8991-4AB9-A536-D752FD18E698}.Debug|iPhoneSimulator.Build.0 = Debug|Any CPU
		{6B404CC7-8991-4AB9-A536-D752FD18E698}.Release|Any CPU.ActiveCfg = Release|Any CPU
		{6B404CC7-8991-4AB9-A536-D752FD18E698}.Release|Any CPU.Build.0 = Release|Any CPU
		{6B404CC7-8991-4AB9-A536-D752FD18E698}.Release|iPhone.ActiveCfg = Release|Any CPU
		{6B404CC7-8991-4AB9-A536-D752FD18E698}.Release|iPhone.Build.0 = Release|Any CPU
		{6B404CC7-8991-4AB9-A536-D752FD18E698}.Release|iPhoneSimulator.ActiveCfg = Release|Any CPU
		{6B404CC7-8991-4AB9-A536-D752FD18E698}.Release|iPhoneSimulator.Build.0 = Release|Any CPU
		{5DDB3514-FAED-44E2-9485-3B5374E0DF11}.Ad-Hoc|Any CPU.ActiveCfg = Debug|Any CPU
		{5DDB3514-FAED-44E2-9485-3B5374E0DF11}.Ad-Hoc|Any CPU.Build.0 = Debug|Any CPU
		{5DDB3514-FAED-44E2-9485-3B5374E0DF11}.Ad-Hoc|iPhone.ActiveCfg = Debug|Any CPU
		{5DDB3514-FAED-44E2-9485-3B5374E0DF11}.Ad-Hoc|iPhone.Build.0 = Debug|Any CPU
		{5DDB3514-FAED-44E2-9485-3B5374E0DF11}.Ad-Hoc|iPhoneSimulator.ActiveCfg = Debug|Any CPU
		{5DDB3514-FAED-44E2-9485-3B5374E0DF11}.Ad-Hoc|iPhoneSimulator.Build.0 = Debug|Any CPU
		{5DDB3514-FAED-44E2-9485-3B5374E0DF11}.AppStore|Any CPU.ActiveCfg = Debug|Any CPU
		{5DDB3514-FAED-44E2-9485-3B5374E0DF11}.AppStore|Any CPU.Build.0 = Debug|Any CPU
		{5DDB3514-FAED-44E2-9485-3B5374E0DF11}.AppStore|iPhone.ActiveCfg = Debug|Any CPU
		{5DDB3514-FAED-44E2-9485-3B5374E0DF11}.AppStore|iPhone.Build.0 = Debug|Any CPU
		{5DDB3514-FAED-44E2-9485-3B5374E0DF11}.AppStore|iPhoneSimulator.ActiveCfg = Debug|Any CPU
		{5DDB3514-FAED-44E2-9485-3B5374E0DF11}.AppStore|iPhoneSimulator.Build.0 = Debug|Any CPU
		{5DDB3514-FAED-44E2-9485-3B5374E0DF11}.Debug|Any CPU.ActiveCfg = Debug|Any CPU
		{5DDB3514-FAED-44E2-9485-3B5374E0DF11}.Debug|Any CPU.Build.0 = Debug|Any CPU
		{5DDB3514-FAED-44E2-9485-3B5374E0DF11}.Debug|iPhone.ActiveCfg = Debug|Any CPU
		{5DDB3514-FAED-44E2-9485-3B5374E0DF11}.Debug|iPhone.Build.0 = Debug|Any CPU
		{5DDB3514-FAED-44E2-9485-3B5374E0DF11}.Debug|iPhoneSimulator.ActiveCfg = Debug|Any CPU
		{5DDB3514-FAED-44E2-9485-3B5374E0DF11}.Debug|iPhoneSimulator.Build.0 = Debug|Any CPU
		{5DDB3514-FAED-44E2-9485-3B5374E0DF11}.Release|Any CPU.ActiveCfg = Release|Any CPU
		{5DDB3514-FAED-44E2-9485-3B5374E0DF11}.Release|Any CPU.Build.0 = Release|Any CPU
		{5DDB3514-FAED-44E2-9485-3B5374E0DF11}.Release|iPhone.ActiveCfg = Release|Any CPU
		{5DDB3514-FAED-44E2-9485-3B5374E0DF11}.Release|iPhone.Build.0 = Release|Any CPU
		{5DDB3514-FAED-44E2-9485-3B5374E0DF11}.Release|iPhoneSimulator.ActiveCfg = Release|Any CPU
		{5DDB3514-FAED-44E2-9485-3B5374E0DF11}.Release|iPhoneSimulator.Build.0 = Release|Any CPU
		{9A855EAB-FBB7-46D6-9597-0F6985FC93AF}.Ad-Hoc|Any CPU.ActiveCfg = Debug|Any CPU
		{9A855EAB-FBB7-46D6-9597-0F6985FC93AF}.Ad-Hoc|Any CPU.Build.0 = Debug|Any CPU
		{9A855EAB-FBB7-46D6-9597-0F6985FC93AF}.Ad-Hoc|iPhone.ActiveCfg = Debug|Any CPU
		{9A855EAB-FBB7-46D6-9597-0F6985FC93AF}.Ad-Hoc|iPhone.Build.0 = Debug|Any CPU
		{9A855EAB-FBB7-46D6-9597-0F6985FC93AF}.Ad-Hoc|iPhoneSimulator.ActiveCfg = Debug|Any CPU
		{9A855EAB-FBB7-46D6-9597-0F6985FC93AF}.Ad-Hoc|iPhoneSimulator.Build.0 = Debug|Any CPU
		{9A855EAB-FBB7-46D6-9597-0F6985FC93AF}.AppStore|Any CPU.ActiveCfg = Debug|Any CPU
		{9A855EAB-FBB7-46D6-9597-0F6985FC93AF}.AppStore|Any CPU.Build.0 = Debug|Any CPU
		{9A855EAB-FBB7-46D6-9597-0F6985FC93AF}.AppStore|iPhone.ActiveCfg = Debug|Any CPU
		{9A855EAB-FBB7-46D6-9597-0F6985FC93AF}.AppStore|iPhone.Build.0 = Debug|Any CPU
		{9A855EAB-FBB7-46D6-9597-0F6985FC93AF}.AppStore|iPhoneSimulator.ActiveCfg = Debug|Any CPU
		{9A855EAB-FBB7-46D6-9597-0F6985FC93AF}.AppStore|iPhoneSimulator.Build.0 = Debug|Any CPU
		{9A855EAB-FBB7-46D6-9597-0F6985FC93AF}.Debug|Any CPU.ActiveCfg = Debug|Any CPU
		{9A855EAB-FBB7-46D6-9597-0F6985FC93AF}.Debug|Any CPU.Build.0 = Debug|Any CPU
		{9A855EAB-FBB7-46D6-9597-0F6985FC93AF}.Debug|iPhone.ActiveCfg = Debug|Any CPU
		{9A855EAB-FBB7-46D6-9597-0F6985FC93AF}.Debug|iPhone.Build.0 = Debug|Any CPU
		{9A855EAB-FBB7-46D6-9597-0F6985FC93AF}.Debug|iPhoneSimulator.ActiveCfg = Debug|Any CPU
		{9A855EAB-FBB7-46D6-9597-0F6985FC93AF}.Debug|iPhoneSimulator.Build.0 = Debug|Any CPU
		{9A855EAB-FBB7-46D6-9597-0F6985FC93AF}.Release|Any CPU.ActiveCfg = Release|Any CPU
		{9A855EAB-FBB7-46D6-9597-0F6985FC93AF}.Release|Any CPU.Build.0 = Release|Any CPU
		{9A855EAB-FBB7-46D6-9597-0F6985FC93AF}.Release|iPhone.ActiveCfg = Release|Any CPU
		{9A855EAB-FBB7-46D6-9597-0F6985FC93AF}.Release|iPhone.Build.0 = Release|Any CPU
		{9A855EAB-FBB7-46D6-9597-0F6985FC93AF}.Release|iPhoneSimulator.ActiveCfg = Release|Any CPU
		{9A855EAB-FBB7-46D6-9597-0F6985FC93AF}.Release|iPhoneSimulator.Build.0 = Release|Any CPU
	EndGlobalSection
	GlobalSection(SolutionProperties) = preSolution
		HideSolutionNode = FALSE
	EndGlobalSection
	GlobalSection(NestedProjects) = preSolution
		{97AECCDD-A461-44DC-AC94-CC8BE3536FD0} = {A39E54E1-B50B-4F4C-A784-D68764C4B5D0}
		{82C53DA0-4D0D-45B5-B3DF-DBB1BC295AD1} = {A39E54E1-B50B-4F4C-A784-D68764C4B5D0}
		{7C45C117-F5CE-425F-8CC1-A8E766B0CA57} = {A39E54E1-B50B-4F4C-A784-D68764C4B5D0}
		{6B404CC7-8991-4AB9-A536-D752FD18E698} = {E6CE6FB1-432A-4625-A709-ED6FD20D9CE5}
		{5DDB3514-FAED-44E2-9485-3B5374E0DF11} = {0D43DAB4-2B79-4C00-A139-D323368121D1}
		{9A855EAB-FBB7-46D6-9597-0F6985FC93AF} = {C683F4E3-77DF-48B9-8960-7473B60FB0D9}
	EndGlobalSection
	GlobalSection(ExtensibilityGlobals) = postSolution
		SolutionGuid = {BBE8684E-E83D-4812-9FF8-B3F2B9DF1AFC}
	EndGlobalSection
EndGlobal
