
Microsoft Visual Studio Solution File, Format Version 12.00
# Visual Studio 15
VisualStudioVersion = 15.0.28307.645
MinimumVisualStudioVersion = 10.0.40219.1
Project("{FAE04EC0-301F-11D3-BF4B-00C04F79EFBC}") = "FindoApp.Android", "FindoApp\FindoApp.Android\FindoApp.Android.csproj", "{97AECCDD-A461-44DC-AC94-CC8BE3536FD0}"
EndProject
Project("{FAE04EC0-301F-11D3-BF4B-00C04F79EFBC}") = "FindoApp.iOS", "FindoApp\FindoApp.iOS\FindoApp.iOS.csproj", "{82C53DA0-4D0D-45B5-B3DF-DBB1BC295AD1}"
EndProject
Project("{FAE04EC0-301F-11D3-BF4B-00C04F79EFBC}") = "FindoApp", "FindoApp\FindoApp\FindoApp.csproj", "{7C45C117-F5CE-425F-8CC1-A8E766B0CA57}"
EndProject
Global
	GlobalSection(SolutionConfigurationPlatforms) = preSolution
		Ad-Hoc|Any CPU = Ad-Hoc|Any CPU
		Ad-Hoc|iPhone = Ad-Hoc|iPhone
		Ad-Hoc|iPhoneSimulator = Ad-Hoc|iPhoneSimulator
		AppStore|Any CPU = AppStore|Any CPU
		AppStore|iPhone = AppStore|iPhone
		AppStore|iPhoneSimulator = AppStore|iPhoneSimulator
		Debug|Any CPU = Debug|Any CPU
		Debug|iPhone = Debug|iPhone
		Debug|iPhoneSimulator = Debug|iPhoneSimulator
		Release|Any CPU = Release|Any CPU
		Release|iPhone = Release|iPhone
		Release|iPhoneSimulator = Release|iPhoneSimulator
	EndGlobalSection
	GlobalSection(ProjectConfigurationPlatforms) = postSolution
		{97AECCDD-A461-44DC-AC94-CC8BE3536FD0}.Ad-Hoc|Any CPU.ActiveCfg = Release|Any CPU
		{97AECCDD-A461-44DC-AC94-CC8BE3536FD0}.Ad-Hoc|Any CPU.Build.0 = Release|Any CPU
		{97AECCDD-A461-44DC-AC94-CC8BE3536FD0}.Ad-Hoc|Any CPU.Deploy.0 = Release|Any CPU
		{97AECCDD-A461-44DC-AC94-CC8BE3536FD0}.Ad-Hoc|iPhone.ActiveCfg = Release|Any CPU
		{97AECCDD-A461-44DC-AC94-CC8BE3536FD0}.Ad-Hoc|iPhone.Build.0 = Release|Any CPU
		{97AECCDD-A461-44DC-AC94-CC8BE3536FD0}.Ad-Hoc|iPhone.Deploy.0 = Release|Any CPU
		{97AECCDD-A461-44DC-AC94-CC8BE3536FD0}.Ad-Hoc|iPhoneSimulator.ActiveCfg = Release|Any CPU
		{97AECCDD-A461-44DC-AC94-CC8BE3536FD0}.Ad-Hoc|iPhoneSimulator.Build.0 = Release|Any CPU
		{97AECCDD-A461-44DC-AC94-CC8BE3536FD0}.Ad-Hoc|iPhoneSimulator.Deploy.0 = Release|Any CPU
		{97AECCDD-A461-44DC-AC94-CC8BE3536FD0}.AppStore|Any CPU.ActiveCfg = Release|Any CPU
		{97AECCDD-A461-44DC-AC94-CC8BE3536FD0}.AppStore|Any CPU.Build.0 = Release|Any CPU
		{97AECCDD-A461-44DC-AC94-CC8BE3536FD0}.AppStore|Any CPU.Deploy.0 = Release|Any CPU
		{97AECCDD-A461-44DC-AC94-CC8BE3536FD0}.AppStore|iPhone.ActiveCfg = Release|Any CPU
		{97AECCDD-A461-44DC-AC94-CC8BE3536FD0}.AppStore|iPhone.Build.0 = Release|Any CPU
		{97AECCDD-A461-44DC-AC94-CC8BE3536FD0}.AppStore|iPhone.Deploy.0 = Release|Any CPU
		{97AECCDD-A461-44DC-AC94-CC8BE3536FD0}.AppStore|iPhoneSimulator.ActiveCfg = Release|Any CPU
		{97AECCDD-A461-44DC-AC94-CC8BE3536FD0}.AppStore|iPhoneSimulator.Build.0 = Release|Any CPU
		{97AECCDD-A461-44DC-AC94-CC8BE3536FD0}.AppStore|iPhoneSimulator.Deploy.0 = Release|Any CPU
		{97AECCDD-A461-44DC-AC94-CC8BE3536FD0}.Debug|Any CPU.ActiveCfg = Debug|Any CPU
		{97AECCDD-A461-44DC-AC94-CC8BE3536FD0}.Debug|Any CPU.Build.0 = Debug|Any CPU
		{97AECCDD-A461-44DC-AC94-CC8BE3536FD0}.Debug|Any CPU.Deploy.0 = Debug|Any CPU
		{97AECCDD-A461-44DC-AC94-CC8BE3536FD0}.Debug|iPhone.ActiveCfg = Debug|Any CPU
		{97AECCDD-A461-44DC-AC94-CC8BE3536FD0}.Debug|iPhone.Build.0 = Debug|Any CPU
		{97AECCDD-A461-44DC-AC94-CC8BE3536FD0}.Debug|iPhone.Deploy.0 = Debug|Any CPU
		{97AECCDD-A461-44DC-AC94-CC8BE3536FD0}.Debug|iPhoneSimulator.ActiveCfg = Debug|Any CPU
		{97AECCDD-A461-44DC-AC94-CC8BE3536FD0}.Debug|iPhoneSimulator.Build.0 = Debug|Any CPU
		{97AECCDD-A461-44DC-AC94-CC8BE3536FD0}.Debug|iPhoneSimulator.Deploy.0 = Debug|Any CPU
		{97AECCDD-A461-44DC-AC94-CC8BE3536FD0}.Release|Any CPU.ActiveCfg = Release|Any CPU
		{97AECCDD-A461-44DC-AC94-CC8BE3536FD0}.Release|Any CPU.Build.0 = Release|Any CPU
		{97AECCDD-A461-44DC-AC94-CC8BE3536FD0}.Release|Any CPU.Deploy.0 = Release|Any CPU
		{97AECCDD-A461-44DC-AC94-CC8BE3536FD0}.Release|iPhone.ActiveCfg = Release|Any CPU
		{97AECCDD-A461-44DC-AC94-CC8BE3536FD0}.Release|iPhone.Build.0 = Release|Any CPU
		{97AECCDD-A461-44DC-AC94-CC8BE3536FD0}.Release|iPhone.Deploy.0 = Release|Any CPU
		{97AECCDD-A461-44DC-AC94-CC8BE3536FD0}.Release|iPhoneSimulator.ActiveCfg = Release|Any CPU
		{97AECCDD-A461-44DC-AC94-CC8BE3536FD0}.Release|iPhoneSimulator.Build.0 = Release|Any CPU
		{97AECCDD-A461-44DC-AC94-CC8BE3536FD0}.Release|iPhoneSimulator.Deploy.0 = Release|Any CPU
		{82C53DA0-4D0D-45B5-B3DF-DBB1BC295AD1}.Ad-Hoc|Any CPU.ActiveCfg = Ad-Hoc|iPhone
		{82C53DA0-4D0D-45B5-B3DF-DBB1BC295AD1}.Ad-Hoc|Any CPU.Build.0 = Ad-Hoc|iPhone
		{82C53DA0-4D0D-45B5-B3DF-DBB1BC295AD1}.Ad-Hoc|Any CPU.Deploy.0 = Ad-Hoc|iPhone
		{82C53DA0-4D0D-45B5-B3DF-DBB1BC295AD1}.Ad-Hoc|iPhone.ActiveCfg = Ad-Hoc|iPhone
		{82C53DA0-4D0D-45B5-B3DF-DBB1BC295AD1}.Ad-Hoc|iPhone.Build.0 = Ad-Hoc|iPhone
		{82C53DA0-4D0D-45B5-B3DF-DBB1BC295AD1}.Ad-Hoc|iPhone.Deploy.0 = Ad-Hoc|iPhone
		{82C53DA0-4D0D-45B5-B3DF-DBB1BC295AD1}.Ad-Hoc|iPhoneSimulator.ActiveCfg = Ad-Hoc|iPhoneSimulator
		{82C53DA0-4D0D-45B5-B3DF-DBB1BC295AD1}.Ad-Hoc|iPhoneSimulator.Build.0 = Ad-Hoc|iPhoneSimulator
		{82C53DA0-4D0D-45B5-B3DF-DBB1BC295AD1}.Ad-Hoc|iPhoneSimulator.Deploy.0 = Ad-Hoc|iPhoneSimulator
		{82C53DA0-4D0D-45B5-B3DF-DBB1BC295AD1}.AppStore|Any CPU.ActiveCfg = AppStore|iPhone
		{82C53DA0-4D0D-45B5-B3DF-DBB1BC295AD1}.AppStore|Any CPU.Build.0 = AppStore|iPhone
		{82C53DA0-4D0D-45B5-B3DF-DBB1BC295AD1}.AppStore|Any CPU.Deploy.0 = AppStore|iPhone
		{82C53DA0-4D0D-45B5-B3DF-DBB1BC295AD1}.AppStore|iPhone.ActiveCfg = AppStore|iPhone
		{82C53DA0-4D0D-45B5-B3DF-DBB1BC295AD1}.AppStore|iPhone.Build.0 = AppStore|iPhone
		{82C53DA0-4D0D-45B5-B3DF-DBB1BC295AD1}.AppStore|iPhone.Deploy.0 = AppStore|iPhone
		{82C53DA0-4D0D-45B5-B3DF-DBB1BC295AD1}.AppStore|iPhoneSimulator.ActiveCfg = AppStore|iPhoneSimulator
		{82C53DA0-4D0D-45B5-B3DF-DBB1BC295AD1}.AppStore|iPhoneSimulator.Build.0 = AppStore|iPhoneSimulator
		{82C53DA0-4D0D-45B5-B3DF-DBB1BC295AD1}.AppStore|iPhoneSimulator.Deploy.0 = AppStore|iPhoneSimulator
		{82C53DA0-4D0D-45B5-B3DF-DBB1BC295AD1}.Debug|Any CPU.ActiveCfg = Debug|iPhoneSimulator
		{82C53DA0-4D0D-45B5-B3DF-DBB1BC295AD1}.Debug|Any CPU.Build.0 = Debug|iPhoneSimulator
		{82C53DA0-4D0D-45B5-B3DF-DBB1BC295AD1}.Debug|Any CPU.Deploy.0 = Debug|iPhoneSimulator
		{82C53DA0-4D0D-45B5-B3DF-DBB1BC295AD1}.Debug|iPhone.ActiveCfg = Debug|iPhone
		{82C53DA0-4D0D-45B5-B3DF-DBB1BC295AD1}.Debug|iPhone.Build.0 = Debug|iPhone
		{82C53DA0-4D0D-45B5-B3DF-DBB1BC295AD1}.Debug|iPhone.Deploy.0 = Debug|iPhone
		{82C53DA0-4D0D-45B5-B3DF-DBB1BC295AD1}.Debug|iPhoneSimulator.ActiveCfg = Debug|iPhoneSimulator
		{82C53DA0-4D0D-45B5-B3DF-DBB1BC295AD1}.Debug|iPhoneSimulator.Build.0 = Debug|iPhoneSimulator
		{82C53DA0-4D0D-45B5-B3DF-DBB1BC295AD1}.Debug|iPhoneSimulator.Deploy.0 = Debug|iPhoneSimulator
		{82C53DA0-4D0D-45B5-B3DF-DBB1BC295AD1}.Release|Any CPU.ActiveCfg = Release|iPhone
		{82C53DA0-4D0D-45B5-B3DF-DBB1BC295AD1}.Release|Any CPU.Build.0 = Release|iPhone
		{82C53DA0-4D0D-45B5-B3DF-DBB1BC295AD1}.Release|Any CPU.Deploy.0 = Release|iPhone
		{82C53DA0-4D0D-45B5-B3DF-DBB1BC295AD1}.Release|iPhone.ActiveCfg = Release|iPhone
		{82C53DA0-4D0D-45B5-B3DF-DBB1BC295AD1}.Release|iPhone.Build.0 = Release|iPhone
		{82C53DA0-4D0D-45B5-B3DF-DBB1BC295AD1}.Release|iPhone.Deploy.0 = Release|iPhone
		{82C53DA0-4D0D-45B5-B3DF-DBB1BC295AD1}.Release|iPhoneSimulator.ActiveCfg = Release|iPhoneSimulator
		{82C53DA0-4D0D-45B5-B3DF-DBB1BC295AD1}.Release|iPhoneSimulator.Build.0 = Release|iPhoneSimulator
		{82C53DA0-4D0D-45B5-B3DF-DBB1BC295AD1}.Release|iPhoneSimulator.Deploy.0 = Release|iPhoneSimulator
		{7C45C117-F5CE-425F-8CC1-A8E766B0CA57}.Ad-Hoc|Any CPU.ActiveCfg = Debug|Any CPU
		{7C45C117-F5CE-425F-8CC1-A8E766B0CA57}.Ad-Hoc|Any CPU.Build.0 = Debug|Any CPU
		{7C45C117-F5CE-425F-8CC1-A8E766B0CA57}.Ad-Hoc|Any CPU.Deploy.0 = Debug|Any CPU
		{7C45C117-F5CE-425F-8CC1-A8E766B0CA57}.Ad-Hoc|iPhone.ActiveCfg = Debug|Any CPU
		{7C45C117-F5CE-425F-8CC1-A8E766B0CA57}.Ad-Hoc|iPhone.Build.0 = Debug|Any CPU
		{7C45C117-F5CE-425F-8CC1-A8E766B0CA57}.Ad-Hoc|iPhone.Deploy.0 = Debug|Any CPU
		{7C45C117-F5CE-425F-8CC1-A8E766B0CA57}.Ad-Hoc|iPhoneSimulator.ActiveCfg = Debug|Any CPU
		{7C45C117-F5CE-425F-8CC1-A8E766B0CA57}.Ad-Hoc|iPhoneSimulator.Build.0 = Debug|Any CPU
		{7C45C117-F5CE-425F-8CC1-A8E766B0CA57}.Ad-Hoc|iPhoneSimulator.Deploy.0 = Debug|Any CPU
		{7C45C117-F5CE-425F-8CC1-A8E766B0CA57}.AppStore|Any CPU.ActiveCfg = Debug|Any CPU
		{7C45C117-F5CE-425F-8CC1-A8E766B0CA57}.AppStore|Any CPU.Build.0 = Debug|Any CPU
		{7C45C117-F5CE-425F-8CC1-A8E766B0CA57}.AppStore|Any CPU.Deploy.0 = Debug|Any CPU
		{7C45C117-F5CE-425F-8CC1-A8E766B0CA57}.AppStore|iPhone.ActiveCfg = Debug|Any CPU
		{7C45C117-F5CE-425F-8CC1-A8E766B0CA57}.AppStore|iPhone.Build.0 = Debug|Any CPU
		{7C45C117-F5CE-425F-8CC1-A8E766B0CA57}.AppStore|iPhone.Deploy.0 = Debug|Any CPU
		{7C45C117-F5CE-425F-8CC1-A8E766B0CA57}.AppStore|iPhoneSimulator.ActiveCfg = Debug|Any CPU
		{7C45C117-F5CE-425F-8CC1-A8E766B0CA57}.AppStore|iPhoneSimulator.Build.0 = Debug|Any CPU
		{7C45C117-F5CE-425F-8CC1-A8E766B0CA57}.AppStore|iPhoneSimulator.Deploy.0 = Debug|Any CPU
		{7C45C117-F5CE-425F-8CC1-A8E766B0CA57}.Debug|Any CPU.ActiveCfg = Debug|Any CPU
		{7C45C117-F5CE-425F-8CC1-A8E766B0CA57}.Debug|Any CPU.Build.0 = Debug|Any CPU
		{7C45C117-F5CE-425F-8CC1-A8E766B0CA57}.Debug|Any CPU.Deploy.0 = Debug|Any CPU
		{7C45C117-F5CE-425F-8CC1-A8E766B0CA57}.Debug|iPhone.ActiveCfg = Debug|Any CPU
		{7C45C117-F5CE-425F-8CC1-A8E766B0CA57}.Debug|iPhone.Build.0 = Debug|Any CPU
		{7C45C117-F5CE-425F-8CC1-A8E766B0CA57}.Debug|iPhone.Deploy.0 = Debug|Any CPU
		{7C45C117-F5CE-425F-8CC1-A8E766B0CA57}.Debug|iPhoneSimulator.ActiveCfg = Debug|Any CPU
		{7C45C117-F5CE-425F-8CC1-A8E766B0CA57}.Debug|iPhoneSimulator.Build.0 = Debug|Any CPU
		{7C45C117-F5CE-425F-8CC1-A8E766B0CA57}.Debug|iPhoneSimulator.Deploy.0 = Debug|Any CPU
		{7C45C117-F5CE-425F-8CC1-A8E766B0CA57}.Release|Any CPU.ActiveCfg = Release|Any CPU
		{7C45C117-F5CE-425F-8CC1-A8E766B0CA57}.Release|Any CPU.Build.0 = Release|Any CPU
		{7C45C117-F5CE-425F-8CC1-A8E766B0CA57}.Release|Any CPU.Deploy.0 = Release|Any CPU
		{7C45C117-F5CE-425F-8CC1-A8E766B0CA57}.Release|iPhone.ActiveCfg = Release|Any CPU
		{7C45C117-F5CE-425F-8CC1-A8E766B0CA57}.Release|iPhone.Build.0 = Release|Any CPU
		{7C45C117-F5CE-425F-8CC1-A8E766B0CA57}.Release|iPhone.Deploy.0 = Release|Any CPU
		{7C45C117-F5CE-425F-8CC1-A8E766B0CA57}.Release|iPhoneSimulator.ActiveCfg = Release|Any CPU
		{7C45C117-F5CE-425F-8CC1-A8E766B0CA57}.Release|iPhoneSimulator.Build.0 = Release|Any CPU
		{7C45C117-F5CE-425F-8CC1-A8E766B0CA57}.Release|iPhoneSimulator.Deploy.0 = Release|Any CPU
	EndGlobalSection
	GlobalSection(SolutionProperties) = preSolution
		HideSolutionNode = FALSE
	EndGlobalSection
	GlobalSection(ExtensibilityGlobals) = postSolution
		SolutionGuid = {BBE8684E-E83D-4812-9FF8-B3F2B9DF1AFC}
	EndGlobalSection
EndGlobal
